
Microsoft Visual Studio Solution File, Format Version 12.00
# Visual Studio 2012
Project("{FAE04EC0-301F-11D3-BF4B-00C04F79EFBC}") = "Triangles", "Triangles\Triangles.csproj", "{A2021FEC-C7B9-491B-B12C-63A7188671AF}"
EndProject
Project("{FAE04EC0-301F-11D3-BF4B-00C04F79EFBC}") = "Geometry", "Geometry\Geometry.csproj", "{198F00CA-DC94-4F58-9C52-14EDA6F5A324}"
EndProject
Global
	GlobalSection(SolutionConfigurationPlatforms) = preSolution
		Debug|x86 = Debug|x86
		Release|x86 = Release|x86
	EndGlobalSection
	GlobalSection(ProjectConfigurationPlatforms) = postSolution
		{198F00CA-DC94-4F58-9C52-14EDA6F5A324}.Debug|x86.ActiveCfg = Debug|x86
		{198F00CA-DC94-4F58-9C52-14EDA6F5A324}.Debug|x86.Build.0 = Debug|x86
		{198F00CA-DC94-4F58-9C52-14EDA6F5A324}.Release|x86.ActiveCfg = Release|x86
		{198F00CA-DC94-4F58-9C52-14EDA6F5A324}.Release|x86.Build.0 = Release|x86
		{A2021FEC-C7B9-491B-B12C-63A7188671AF}.Debug|x86.ActiveCfg = Debug|x86
		{A2021FEC-C7B9-491B-B12C-63A7188671AF}.Debug|x86.Build.0 = Debug|x86
		{A2021FEC-C7B9-491B-B12C-63A7188671AF}.Release|x86.ActiveCfg = Release|x86
		{A2021FEC-C7B9-491B-B12C-63A7188671AF}.Release|x86.Build.0 = Release|x86
	EndGlobalSection
	GlobalSection(MonoDevelopProperties) = preSolution
		StartupItem = Geometry\Geometry.csproj
	EndGlobalSection
EndGlobal
